// !$*UTF8*$!
{
	archiveVersion = 1;
	classes = {
	};
	objectVersion = 46;
	objects = {

/* Begin PBXBuildFile section */
		8A01D24E2E74B4CB00421386 /* AppDelegate.swift in Sources */ = {isa = PBXBuildFile; fileRef = 8A01D24D2E74B4CB00421386 /* AppDelegate.swift */; };
		8A01D2502E74B4CB00421386 /* ViewController.swift in Sources */ = {isa = PBXBuildFile; fileRef = 8A01D24F2E74B4CB00421386 /* ViewController.swift */; };
		8A01D2532E74B4CB00421386 /* Main.storyboard in Resources */ = {isa = PBXBuildFile; fileRef = 8A01D2512E74B4CB00421386 /* Main.storyboard */; };
		8A01D2552E74B4CB00421386 /* Assets.xcassets in Resources */ = {isa = PBXBuildFile; fileRef = 8A01D2542E74B4CB00421386 /* Assets.xcassets */; };
		8A01D2582E74B4CB00421386 /* LaunchScreen.storyboard in Resources */ = {isa = PBXBuildFile; fileRef = 8A01D2562E74B4CB00421386 /* LaunchScreen.storyboard */; };
		8A01D2822E74B8BF00421386 /* AdManager.swift in Sources */ = {isa = PBXBuildFile; fileRef = 8A01D27B2E74B8BF00421386 /* AdManager.swift */; };
		8A01D2852E74B8BF00421386 /* GalleryViewController.swift in Sources */ = {isa = PBXBuildFile; fileRef = 8A01D27E2E74B8BF00421386 /* GalleryViewController.swift */; };
		8A01D2862E74B8BF00421386 /* HomeViewController.swift in Sources */ = {isa = PBXBuildFile; fileRef = 8A01D27F2E74B8BF00421386 /* HomeViewController.swift */; };
		8A01D2872E74B8BF00421386 /* SceneDelegate.swift in Sources */ = {isa = PBXBuildFile; fileRef = 8A01D2802E74B8BF00421386 /* SceneDelegate.swift */; };
		8A01D2882E74B8BF00421386 /* VideoPlayerViewController.swift in Sources */ = {isa = PBXBuildFile; fileRef = 8A01D2812E74B8BF00421386 /* VideoPlayerViewController.swift */; };
		8A01D28F2E74B8EA00421386 /* Info.plist in Resources */ = {isa = PBXBuildFile; fileRef = 8A01D28D2E74B8EA00421386 /* Info.plist */; };
		8A01D2902E74B8EA00421386 /* LaunchScreen.storyboard in Resources */ = {isa = PBXBuildFile; fileRef = 8A01D28E2E74B8EA00421386 /* LaunchScreen.storyboard */; };
		8A01D2AA2E74B8F700421386 /* admas.jpg in Resources */ = {isa = PBXBuildFile; fileRef = 8A01D2932E74B8F700421386 /* admas.jpg */; };
		8A01D2AB2E74B8F700421386 /* admas_pres.jpg in Resources */ = {isa = PBXBuildFile; fileRef = 8A01D2942E74B8F700421386 /* admas_pres.jpg */; };
		8A01D2AC2E74B8F700421386 /* aldiatudia.png in Resources */ = {isa = PBXBuildFile; fileRef = 8A01D2952E74B8F700421386 /* aldiatudia.png */; };
		8A01D2AD2E74B8F700421386 /* bg_btn_login.png in Resources */ = {isa = PBXBuildFile; fileRef = 8A01D2962E74B8F700421386 /* bg_btn_login.png */; };
		8A01D2AE2E74B8F700421386 /* bg_btn_welcome.png in Resources */ = {isa = PBXBuildFile; fileRef = 8A01D2972E74B8F700421386 /* bg_btn_welcome.png */; };
		8A01D2AF2E74B8F700421386 /* bg_txt_password.png in Resources */ = {isa = PBXBuildFile; fileRef = 8A01D2982E74B8F700421386 /* bg_txt_password.png */; };
		8A01D2B02E74B8F700421386 /* bg_txt_username.png in Resources */ = {isa = PBXBuildFile; fileRef = 8A01D2992E74B8F700421386 /* bg_txt_username.png */; };
		8A01D2B12E74B8F700421386 /* bolivision_inicio.jpg in Resources */ = {isa = PBXBuildFile; fileRef = 8A01D29A2E74B8F700421386 /* bolivision_inicio.jpg */; };
		8A01D2B22E74B8F700421386 /* bolivision_inicio_pres.png in Resources */ = {isa = PBXBuildFile; fileRef = 8A01D29B2E74B8F700421386 /* bolivision_inicio_pres.png */; };
		8A01D2B32E74B8F700421386 /* bolivisionnegro.png in Resources */ = {isa = PBXBuildFile; fileRef = 8A01D29C2E74B8F700421386 /* bolivisionnegro.png */; };
		8A01D2B42E74B8F700421386 /* elretodelsabor.png in Resources */ = {isa = PBXBuildFile; fileRef = 8A01D29D2E74B8F700421386 /* elretodelsabor.png */; };
		8A01D2B52E74B8F700421386 /* hdplogo.jpg in Resources */ = {isa = PBXBuildFile; fileRef = 8A01D29E2E74B8F700421386 /* hdplogo.jpg */; };
		8A01D2B62E74B8F700421386 /* hdplogo_pres.png in Resources */ = {isa = PBXBuildFile; fileRef = 8A01D29F2E74B8F700421386 /* hdplogo_pres.png */; };
		8A01D2B72E74B8F700421386 /* livebolivision.png in Resources */ = {isa = PBXBuildFile; fileRef = 8A01D2A02E74B8F700421386 /* livebolivision.png */; };
		8A01D2B82E74B8F700421386 /* livebolivision_pres.png in Resources */ = {isa = PBXBuildFile; fileRef = 8A01D2A12E74B8F700421386 /* livebolivision_pres.png */; };
		8A01D2B92E74B8F700421386 /* rqplogo.jpg in Resources */ = {isa = PBXBuildFile; fileRef = 8A01D2A22E74B8F700421386 /* rqplogo.jpg */; };
		8A01D2BA2E74B8F700421386 /* rqplogo_press.jpg in Resources */ = {isa = PBXBuildFile; fileRef = 8A01D2A32E74B8F700421386 /* rqplogo_press.jpg */; };
		8A01D2BB2E74B8F700421386 /* entelFutbolero.mp4 in Resources */ = {isa = PBXBuildFile; fileRef = 8A01D2A52E74B8F700421386 /* entelFutbolero.mp4 */; };
		8A01D2BC2E74B8F700421386 /* entelFutbolero4.mp4 in Resources */ = {isa = PBXBuildFile; fileRef = 8A01D2A62E74B8F700421386 /* entelFutbolero4.mp4 */; };
		8A01D2BD2E74B8F700421386 /* entelFutbolero5.mp4 in Resources */ = {isa = PBXBuildFile; fileRef = 8A01D2A72E74B8F700421386 /* entelFutbolero5.mp4 */; };
/* End PBXBuildFile section */

/* Begin PBXSourcesBuildPhase section */
		8A01D27A2E74B8BF00421386 /* Sources */ = {
			isa = PBXSourcesBuildPhase;
			buildActionMask = 2147483647;
			files = (
				8A01D24E2E74B4CB00421386 /* AppDelegate.swift in Sources */,
				8A01D2502E74B4CB00421386 /* ViewController.swift in Sources */,
				8A01D2822E74B8BF00421386 /* AdManager.swift in Sources */,
				8A01D2852E74B8BF00421386 /* GalleryViewController.swift in Sources */,
				8A01D2862E74B8BF00421386 /* HomeViewController.swift in Sources */,
				8A01D2872E74B8BF00421386 /* SceneDelegate.swift in Sources */,
				8A01D2882E74B8BF00421386 /* VideoPlayerViewController.swift in Sources */,
			);
			runOnlyForDeploymentPostprocessing = 0;
		};
/* End PBXSourcesBuildPhase section */

/* Begin PBXResourcesBuildPhase section */
		8A01D2892E74B8DB00421386 /* Resources */ = {
			isa = PBXResourcesBuildPhase;
			buildActionMask = 2147483647;
			files = (
				8A01D2532E74B4CB00421386 /* Main.storyboard in Resources */,
				8A01D2552E74B4CB00421386 /* Assets.xcassets in Resources */,
				8A01D2582E74B4CB00421386 /* LaunchScreen.storyboard in Resources */,
				8A01D28F2E74B8EA00421386 /* Info.plist in Resources */,
				8A01D2902E74B8EA00421386 /* LaunchScreen.storyboard in Resources */,
				8A01D2AA2E74B8F700421386 /* admas.jpg in Resources */,
				8A01D2AB2E74B8F700421386 /* admas_pres.jpg in Resources */,
				8A01D2AC2E74B8F700421386 /* aldiatudia.png in Resources */,
				8A01D2AD2E74B8F700421386 /* bg_btn_login.png in Resources */,
				8A01D2AE2E74B8F700421386 /* bg_btn_welcome.png in Resources */,
				8A01D2AF2E74B8F700421386 /* bg_txt_password.png in Resources */,
				8A01D2B02E74B8F700421386 /* bg_txt_username.png in Resources */,
				8A01D2B12E74B8F700421386 /* bolivision_inicio.jpg in Resources */,
				8A01D2B22E74B8F700421386 /* bolivision_inicio_pres.png in Resources */,
				8A01D2B32E74B8F700421386 /* bolivisionnegro.png in Resources */,
				8A01D2B42E74B8F700421386 /* elretodelsabor.png in Resources */,
				8A01D2B52E74B8F700421386 /* hdplogo.jpg in Resources */,
				8A01D2B62E74B8F700421386 /* hdplogo_pres.png in Resources */,
				8A01D2B72E74B8F700421386 /* livebolivision.png in Resources */,
				8A01D2B82E74B8F700421386 /* livebolivision_pres.png in Resources */,
				8A01D2B92E74B8F700421386 /* rqplogo.jpg in Resources */,
				8A01D2BA2E74B8F700421386 /* rqplogo_press.jpg in Resources */,
				8A01D2BB2E74B8F700421386 /* entelFutbolero.mp4 in Resources */,
				8A01D2BC2E74B8F700421386 /* entelFutbolero4.mp4 in Resources */,
				8A01D2BD2E74B8F700421386 /* entelFutbolero5.mp4 in Resources */,
			);
			runOnlyForDeploymentPostprocessing = 0;
		};
/* End PBXResourcesBuildPhase section */

	};
	rootObject = 8A01D24B2E74B4CB00421386 /* Project object */;
}
